github.com/braheezy/shine-mp3 v0.1.0 h1:N2wZhv6ipCFduTSftaPNdDgZ5xFmQAPvB7JcqA4sSi8=
github.com/braheezy/shine-mp3 v0.1.0/go.mod h1:0H/pmcpFAd+Fnrj6Pc7du7wL36U/HqtfcgPJuCgc1L4=
github.com/gen2brain/malgo v0.11.24 h1:hHcIJVfzWcEDHFdPl5Dl/CUSOjzOleY0zzAV8Kx+imE=
github.com/gen2brain/malgo v0.11.24/go.mod h1:f9TtuN7DVrXMiV/yIceMeWpvanyVzJQMlBecJFVMxww=
github.com/go-audio/audio v1.0.0 h1:zS9vebldgbQqktK4H0lUqWrG8P0NxCJVqcj7ZpNnwd4=
github.com/go-audio/audio v1.0.0/go.mod h1:6uAu0+H2lHkwdGsAY+j2wHPNPpPoeg5AaEFh9FlA+Zs=
github.com/go-audio/riff v1.0.0 h1:d8iCGbDvox9BfLagY94fBynxSPHO80LmZCaOsmKxokA=
github.com/go-audio/riff v1.0.0/go.mod h1:l3cQwc85y79NQFCRB7TiPoNiaijp6q8Z0Uv38rVG498=
github.com/go-audio/wav v1.1.0 h1:jQgLtbqBzY7G+BM8fXF7AHUk1uHUviWS4X39d5rsL2g=
github.com/go-audio/wav v1.1.0/go.mod h1:mpe9qfwbScEbkd8uybLuIpTgHyrISw/OTuvjUW2iGtE=
github.com/google/uuid v1.6.0 h1:NIvaJDMOsjHA8n1jAhLSgzrAzy1Hgr+hNrb57e+94F0=
github.com/google/uuid v1.6.0/go.mod h1:TIyPZe4MgqvfeYDBFedMoGGpEw/LqOeaOT+nhxU+yHo=
github.com/gorilla/websocket v1.5.3 h1:saDtZ6Pbx/0u+bgYQ3q96pZgCzfhKXGPqt7kZ72aNNg=
github.com/gorilla/websocket v1.5.3/go.mod h1:YR8l580nyteQvAITg2hZ9XVh4b55+EU/adAjf1fMHhE=
github.com/k2-fsa/sherpa-onnx-go v1.12.19 h1:sWY5/pV8njH59/L9pFPS0L1z5l7Tczrjo0k73N4AYas=
github.com/k2-fsa/sherpa-onnx-go v1.12.19/go.mod h1:B/ynRbVa5gpYoZYeYgY3zPi4MTfKk95UZueZDSIhbjk=
github.com/k2-fsa/sherpa-onnx-go-linux v1.12.19 h1:k3+yT9KxZSXOVBh0Bv2HCGi2Cv8QTNY56ik/9P/W6oQ=
github.com/k2-fsa/sherpa-onnx-go-linux v1.12.19/go.mod h1:NXEH2rsBgTdqY59YpPq6CtSBlBAXy/8a9FmpLERU97I=
github.com/k2-fsa/sherpa-onnx-go-macos v1.12.19 h1:+ELgK6N/LHbW5AqD3tshPcEj3X0BDPwyhf5ehVPZo74=
github.com/k2-fsa/sherpa-onnx-go-macos v1.12.19/go.mod h1:ZOhUAXC62Unj0ZNfu6zxSFKcW96aXf7P3BsqiUyOBbE=
github.com/k2-fsa/sherpa-onnx-go-windows v1.12.19 h1:qYG2c7p/pPLTpj1JuOd/UsewMB87LbS+67YG6fGsBDQ=
github.com/k2-fsa/sherpa-onnx-go-windows v1.12.19/go.mod h1:5AX7TU8+P/gInjglY1ijtWUM2b8iyR0QX4yEngzMe64=
github.com/yalue/onnxruntime_go v1.12.0 h1:UtrSZOV9cY9j8ualjiakzRSn7H+bvu6QyCHAA3QwKns=
github.com/yalue/onnxruntime_go v1.12.0/go.mod h1:b4X26A8pekNb1ACJ58wAXgNKeUCGEAQ9dmACut9Sm/4=
gonum.org/v1/gonum v0.16.0 h1:5+ul4Swaf3ESvrOnidPp4GZbzf0mxVQpDCYUQE7OJfk=
gonum.org/v1/gonum v0.16.0/go.mod h1:fef3am4MQ93R2HHpKnLk4/Tbh/s0+wqD5nfa6Pnwy4E=
